
Microsoft Visual Studio Solution File, Format Version 12.00
# Visual Studio 2013
Project("{FAE04EC0-301F-11D3-BF4B-00C04F79EFBC}") = "UnityVS.RPS.CSharp", "UnityVS.RPS.CSharp.csproj", "{4270E1AD-4A63-A4C4-4220-5158BCEF0D89}"
EndProject
Global
	GlobalSection(SolutionConfigurationPlatforms) = preSolution
		Debug|Any CPU = Debug|Any CPU
		Release|Any CPU = Release|Any CPU
	EndGlobalSection
	GlobalSection(ProjectConfigurationPlatforms) = postSolution
		{4270E1AD-4A63-A4C4-4220-5158BCEF0D89}.Debug|Any CPU.ActiveCfg = Debug|Any CPU
		{4270E1AD-4A63-A4C4-4220-5158BCEF0D89}.Debug|Any CPU.Build.0 = Debug|Any CPU
		{4270E1AD-4A63-A4C4-4220-5158BCEF0D89}.Release|Any CPU.ActiveCfg = Release|Any CPU
		{4270E1AD-4A63-A4C4-4220-5158BCEF0D89}.Release|Any CPU.Build.0 = Release|Any CPU
	EndGlobalSection
	GlobalSection(SolutionProperties) = preSolution
		HideSolutionNode = FALSE
	EndGlobalSection
EndGlobal
